# THIS IS AN AUTOGENERATED FILE. DO NOT EDIT THIS FILE DIRECTLY.
# yarn lockfile v1


"@chainlink/contracts@^0.4.1":
  "integrity" "sha512-eC8biY6Ks8k9kZKVt5305veCP3z57yyiy6Os5aR6auta6Bp34xWQ/s4qvrifcW4FNgWw1HJPwMPXDGfiehcLjg=="
  "resolved" "https://registry.npmjs.org/@chainlink/contracts/-/contracts-0.4.1.tgz"
  "version" "0.4.1"
